
Microsoft Visual Studio Solution File, Format Version 12.00
# Visual Studio 15
VisualStudioVersion = 15.0.27130.2027
MinimumVisualStudioVersion = 10.0.40219.1
Project("{FAE04EC0-301F-11D3-BF4B-00C04F79EFBC}") = "ElsieFour", "ElsieFour\ElsieFour.csproj", "{A52E8E0B-85D3-470A-A2DE-A683900FC8CE}"
EndProject
Global
	GlobalSection(SolutionConfigurationPlatforms) = preSolution
		Debug|Any CPU = Debug|Any CPU
		Release|Any CPU = Release|Any CPU
	EndGlobalSection
	GlobalSection(ProjectConfigurationPlatforms) = postSolution
		{A52E8E0B-85D3-470A-A2DE-A683900FC8CE}.Debug|Any CPU.ActiveCfg = Debug|Any CPU
		{A52E8E0B-85D3-470A-A2DE-A683900FC8CE}.Debug|Any CPU.Build.0 = Debug|Any CPU
		{A52E8E0B-85D3-470A-A2DE-A683900FC8CE}.Release|Any CPU.ActiveCfg = Release|Any CPU
		{A52E8E0B-85D3-470A-A2DE-A683900FC8CE}.Release|Any CPU.Build.0 = Release|Any CPU
	EndGlobalSection
	GlobalSection(SolutionProperties) = preSolution
		HideSolutionNode = FALSE
	EndGlobalSection
	GlobalSection(ExtensibilityGlobals) = postSolution
		SolutionGuid = {627FE14D-7D44-47C5-AFF0-C3F6BD872091}
	EndGlobalSection
EndGlobal
